// !$*UTF8*$!
{
	archiveVersion = 1;
	classes = {
	};
	objectVersion = 48;
	objects = {

/* Begin PBXBuildFile section */
		38D5D240D25DFE8BBFD24692 /* Pods_P9_APIVoyage.framework in Frameworks */ = {isa = PBXBuildFile; fileRef = 5729FBC4499BE073C350A561 /* Pods_P9_APIVoyage.framework */; };
		71121D1A200E900A0083873F /* AppDelegate.swift in Sources */ = {isa = PBXBuildFile; fileRef = 71121D19200E900A0083873F /* AppDelegate.swift */; };
		71121D1C200E900A0083873F /* TabBarController.swift in Sources */ = {isa = PBXBuildFile; fileRef = 71121D1B200E900A0083873F /* TabBarController.swift */; };
		71121D1E200E900A0083873F /* ChangeRateController.swift in Sources */ = {isa = PBXBuildFile; fileRef = 71121D1D200E900A0083873F /* ChangeRateController.swift */; };
		71121D21200E900A0083873F /* TabBar.storyboard in Resources */ = {isa = PBXBuildFile; fileRef = 71121D1F200E900A0083873F /* TabBar.storyboard */; };
		71121D23200E900A0083873F /* Assets.xcassets in Resources */ = {isa = PBXBuildFile; fileRef = 71121D22200E900A0083873F /* Assets.xcassets */; };
		71121D26200E900A0083873F /* LaunchScreen.storyboard in Resources */ = {isa = PBXBuildFile; fileRef = 71121D24200E900A0083873F /* LaunchScreen.storyboard */; };
		71121D31200E900A0083873F /* P9_APIVoyageTests.swift in Sources */ = {isa = PBXBuildFile; fileRef = 71121D30200E900A0083873F /* P9_APIVoyageTests.swift */; };
		71121D3C200E900A0083873F /* P9_APIVoyageUITests.swift in Sources */ = {isa = PBXBuildFile; fileRef = 71121D3B200E900A0083873F /* P9_APIVoyageUITests.swift */; };
		71121D51200E932A0083873F /* TranslatationController.swift in Sources */ = {isa = PBXBuildFile; fileRef = 71121D50200E932A0083873F /* TranslatationController.swift */; };
		71121D57200E93E70083873F /* WeatherController.swift in Sources */ = {isa = PBXBuildFile; fileRef = 71121D56200E93E70083873F /* WeatherController.swift */; };
		71121D59200E95F10083873F /* Default-568h@2x.png in Resources */ = {isa = PBXBuildFile; fileRef = 71121D58200E95F10083873F /* Default-568h@2x.png */; };
		711C3F7320133D0E0046CBB0 /* APIManager.swift in Sources */ = {isa = PBXBuildFile; fileRef = 711C3F7220133D0E0046CBB0 /* APIManager.swift */; };
		711C3F78201348790046CBB0 /* Weather.storyboard in Resources */ = {isa = PBXBuildFile; fileRef = 711C3F77201348790046CBB0 /* Weather.storyboard */; };
		711C3F7B201348870046CBB0 /* Translate.storyboard in Resources */ = {isa = PBXBuildFile; fileRef = 711C3F79201348870046CBB0 /* Translate.storyboard */; };
		711C3F7D201348970046CBB0 /* ChangeRate.storyboard in Resources */ = {isa = PBXBuildFile; fileRef = 711C3F7C201348970046CBB0 /* ChangeRate.storyboard */; };
		C2810691767F4ECB56EE6844 /* Pods_P9_APIVoyageTests.framework in Frameworks */ = {isa = PBXBuildFile; fileRef = 222A8665839809F2D715CD75 /* Pods_P9_APIVoyageTests.framework */; };
		EE0EF8ABF6F7070A29DEE54B /* Pods_P9_APIVoyageUITests.framework in Frameworks */ = {isa = PBXBuildFile; fileRef = 0CF0512596A30D5E3FE22C92 /* Pods_P9_APIVoyageUITests.framework */; };
/* End PBXBuildFile section */

/* Begin PBXContainerItemProxy section */
		71121D2D200E900A0083873F /* PBXContainerItemProxy */ = {
			isa = PBXContainerItemProxy;
			containerPortal = 71121D0E200E900A0083873F /* Project object */;
			proxyType = 1;
			remoteGlobalIDString = 71121D15200E900A0083873F;
			remoteInfo = P9_APIVoyage;
		};
		71121D38200E900A0083873F /* PBXContainerItemProxy */ = {
			isa = PBXContainerItemProxy;
			containerPortal = 71121D0E200E900A0083873F /* Project object */;
			proxyType = 1;
			remoteGlobalIDString = 71121D15200E900A0083873F;
			remoteInfo = P9_APIVoyage;
		};
/* End PBXContainerItemProxy section */

/* Begin PBXFileReference section */
		0CF0512596A30D5E3FE22C92 /* Pods_P9_APIVoyageUITests.framework */ = {isa = PBXFileReference; explicitFileType = wrapper.framework; includeInIndex = 0; path = Pods_P9_APIVoyageUITests.framework; sourceTree = BUILT_PRODUCTS_DIR; };
		222A8665839809F2D715CD75 /* Pods_P9_APIVoyageTests.framework */ = {isa = PBXFileReference; explicitFileType = wrapper.framework; includeInIndex = 0; path = Pods_P9_APIVoyageTests.framework; sourceTree = BUILT_PRODUCTS_DIR; };
		23FE2E8DD1ACC925446BC70E /* Pods-P9_APIVoyage.release.xcconfig */ = {isa = PBXFileReference; includeInIndex = 1; lastKnownFileType = text.xcconfig; name = "Pods-P9_APIVoyage.release.xcconfig"; path = "Pods/Target Support Files/Pods-P9_APIVoyage/Pods-P9_APIVoyage.release.xcconfig"; sourceTree = "<group>"; };
		411DD8CF5C7AD5CF9640379C /* Pods-P9_APIVoyageUITests.release.xcconfig */ = {isa = PBXFileReference; includeInIndex = 1; lastKnownFileType = text.xcconfig; name = "Pods-P9_APIVoyageUITests.release.xcconfig"; path = "Pods/Target Support Files/Pods-P9_APIVoyageUITests/Pods-P9_APIVoyageUITests.release.xcconfig"; sourceTree = "<group>"; };
		54A55C50F63502885A7FC96D /* Pods-P9_APIVoyageTests.release.xcconfig */ = {isa = PBXFileReference; includeInIndex = 1; lastKnownFileType = text.xcconfig; name = "Pods-P9_APIVoyageTests.release.xcconfig"; path = "Pods/Target Support Files/Pods-P9_APIVoyageTests/Pods-P9_APIVoyageTests.release.xcconfig"; sourceTree = "<group>"; };
		56D97118A8644EDA92FC3BE1 /* Pods-P9_APIVoyageTests.debug.xcconfig */ = {isa = PBXFileReference; includeInIndex = 1; lastKnownFileType = text.xcconfig; name = "Pods-P9_APIVoyageTests.debug.xcconfig"; path = "Pods/Target Support Files/Pods-P9_APIVoyageTests/Pods-P9_APIVoyageTests.debug.xcconfig"; sourceTree = "<group>"; };
		5729FBC4499BE073C350A561 /* Pods_P9_APIVoyage.framework */ = {isa = PBXFileReference; explicitFileType = wrapper.framework; includeInIndex = 0; path = Pods_P9_APIVoyage.framework; sourceTree = BUILT_PRODUCTS_DIR; };
		71121D16200E900A0083873F /* P9_APIVoyage.app */ = {isa = PBXFileReference; explicitFileType = wrapper.application; includeInIndex = 0; path = P9_APIVoyage.app; sourceTree = BUILT_PRODUCTS_DIR; };
		71121D19200E900A0083873F /* AppDelegate.swift */ = {isa = PBXFileReference; lastKnownFileType = sourcecode.swift; path = AppDelegate.swift; sourceTree = "<group>"; };
		71121D1B200E900A0083873F /* TabBarController.swift */ = {isa = PBXFileReference; lastKnownFileType = sourcecode.swift; path = TabBarController.swift; sourceTree = "<group>"; };
		71121D1D200E900A0083873F /* ChangeRateController.swift */ = {isa = PBXFileReference; lastKnownFileType = sourcecode.swift; path = ChangeRateController.swift; sourceTree = "<group>"; };
		71121D20200E900A0083873F /* Base */ = {isa = PBXFileReference; lastKnownFileType = file.storyboard; name = Base; path = Base.lproj/TabBar.storyboard; sourceTree = "<group>"; };
		71121D22200E900A0083873F /* Assets.xcassets */ = {isa = PBXFileReference; lastKnownFileType = folder.assetcatalog; path = Assets.xcassets; sourceTree = "<group>"; };
		71121D25200E900A0083873F /* Base */ = {isa = PBXFileReference; lastKnownFileType = file.storyboard; name = Base; path = Base.lproj/LaunchScreen.storyboard; sourceTree = "<group>"; };
		71121D27200E900A0083873F /* Info.plist */ = {isa = PBXFileReference; lastKnownFileType = text.plist.xml; path = Info.plist; sourceTree = "<group>"; };
		71121D2C200E900A0083873F /* P9_APIVoyageTests.xctest */ = {isa = PBXFileReference; explicitFileType = wrapper.cfbundle; includeInIndex = 0; path = P9_APIVoyageTests.xctest; sourceTree = BUILT_PRODUCTS_DIR; };
		71121D30200E900A0083873F /* P9_APIVoyageTests.swift */ = {isa = PBXFileReference; lastKnownFileType = sourcecode.swift; path = P9_APIVoyageTests.swift; sourceTree = "<group>"; };
		71121D32200E900A0083873F /* Info.plist */ = {isa = PBXFileReference; lastKnownFileType = text.plist.xml; path = Info.plist; sourceTree = "<group>"; };
		71121D37200E900A0083873F /* P9_APIVoyageUITests.xctest */ = {isa = PBXFileReference; explicitFileType = wrapper.cfbundle; includeInIndex = 0; path = P9_APIVoyageUITests.xctest; sourceTree = BUILT_PRODUCTS_DIR; };
		71121D3B200E900A0083873F /* P9_APIVoyageUITests.swift */ = {isa = PBXFileReference; lastKnownFileType = sourcecode.swift; path = P9_APIVoyageUITests.swift; sourceTree = "<group>"; };
		71121D3D200E900A0083873F /* Info.plist */ = {isa = PBXFileReference; lastKnownFileType = text.plist.xml; path = Info.plist; sourceTree = "<group>"; };
		71121D50200E932A0083873F /* TranslatationController.swift */ = {isa = PBXFileReference; lastKnownFileType = sourcecode.swift; path = TranslatationController.swift; sourceTree = "<group>"; };
		71121D56200E93E70083873F /* WeatherController.swift */ = {isa = PBXFileReference; lastKnownFileType = sourcecode.swift; path = WeatherController.swift; sourceTree = "<group>"; };
		71121D58200E95F10083873F /* Default-568h@2x.png */ = {isa = PBXFileReference; lastKnownFileType = image.png; path = "Default-568h@2x.png"; sourceTree = "<group>"; };
		711C3F7220133D0E0046CBB0 /* APIManager.swift */ = {isa = PBXFileReference; lastKnownFileType = sourcecode.swift; path = APIManager.swift; sourceTree = "<group>"; };
		711C3F77201348790046CBB0 /* Weather.storyboard */ = {isa = PBXFileReference; fileEncoding = 4; lastKnownFileType = file.storyboard; path = Weather.storyboard; sourceTree = "<group>"; };
		711C3F7A201348870046CBB0 /* Base */ = {isa = PBXFileReference; lastKnownFileType = file.storyboard; name = Base; path = P9_APIVoyage/TabBarController/Base.lproj/Translate.storyboard; sourceTree = "<group>"; };
		711C3F7C201348970046CBB0 /* ChangeRate.storyboard */ = {isa = PBXFileReference; fileEncoding = 4; lastKnownFileType = file.storyboard; path = ChangeRate.storyboard; sourceTree = "<group>"; };
		841B159D97A874F94F4186F7 /* Pods-P9_APIVoyageUITests.debug.xcconfig */ = {isa = PBXFileReference; includeInIndex = 1; lastKnownFileType = text.xcconfig; name = "Pods-P9_APIVoyageUITests.debug.xcconfig"; path = "Pods/Target Support Files/Pods-P9_APIVoyageUITests/Pods-P9_APIVoyageUITests.debug.xcconfig"; sourceTree = "<group>"; };
		FEA2E8CFCD2918817BB5924E /* Pods-P9_APIVoyage.debug.xcconfig */ = {isa = PBXFileReference; includeInIndex = 1; lastKnownFileType = text.xcconfig; name = "Pods-P9_APIVoyage.debug.xcconfig"; path = "Pods/Target Support Files/Pods-P9_APIVoyage/Pods-P9_APIVoyage.debug.xcconfig"; sourceTree = "<group>"; };
/* End PBXFileReference section */

/* Begin PBXFrameworksBuildPhase section */
		71121D13200E900A0083873F /* Frameworks */ = {
			isa = PBXFrameworksBuildPhase;
			buildActionMask = 2147483647;
			files = (
				38D5D240D25DFE8BBFD24692 /* Pods_P9_APIVoyage.framework in Frameworks */,
			);
			runOnlyForDeploymentPostprocessing = 0;
		};
		71121D29200E900A0083873F /* Frameworks */ = {
			isa = PBXFrameworksBuildPhase;
			buildActionMask = 2147483647;
			files = (
				C2810691767F4ECB56EE6844 /* Pods_P9_APIVoyageTests.framework in Frameworks */,
			);
			runOnlyForDeploymentPostprocessing = 0;
		};
		71121D34200E900A0083873F /* Frameworks */ = {
			isa = PBXFrameworksBuildPhase;
			buildActionMask = 2147483647;
			files = (
				EE0EF8ABF6F7070A29DEE54B /* Pods_P9_APIVoyageUITests.framework in Frameworks */,
			);
			runOnlyForDeploymentPostprocessing = 0;
		};
/* End PBXFrameworksBuildPhase section */

/* Begin PBXGroup section */
		71121D0D200E900A0083873F = {
			isa = PBXGroup;
			children = (
				71121D58200E95F10083873F /* Default-568h@2x.png */,
				71121D18200E900A0083873F /* P9_APIVoyage */,
				71121D2F200E900A0083873F /* P9_APIVoyageTests */,
				71121D3A200E900A0083873F /* P9_APIVoyageUITests */,
				71121D17200E900A0083873F /* Products */,
				C438CE7A97052738524A919C /* Pods */,
				E2369BEB56F82477C3B0802C /* Frameworks */,
			);
			sourceTree = "<group>";
		};
		71121D17200E900A0083873F /* Products */ = {
			isa = PBXGroup;
			children = (
				71121D16200E900A0083873F /* P9_APIVoyage.app */,
				71121D2C200E900A0083873F /* P9_APIVoyageTests.xctest */,
				71121D37200E900A0083873F /* P9_APIVoyageUITests.xctest */,
			);
			name = Products;
			sourceTree = "<group>";
		};
		71121D18200E900A0083873F /* P9_APIVoyage */ = {
			isa = PBXGroup;
			children = (
				71121D19200E900A0083873F /* AppDelegate.swift */,
				711C3F7220133D0E0046CBB0 /* APIManager.swift */,
				71121D49200E91F80083873F /* TabBarController */,
				71121D4A200E92020083873F /* ChangeRatePage */,
				71121D4B200E92310083873F /* TranslationPage */,
				71121D4C200E92690083873F /* WeatherPage */,
				71121D4D200E92BD0083873F /* Ressource */,
			);
			path = P9_APIVoyage;
			sourceTree = "<group>";
		};
		71121D2F200E900A0083873F /* P9_APIVoyageTests */ = {
			isa = PBXGroup;
			children = (
				71121D30200E900A0083873F /* P9_APIVoyageTests.swift */,
				71121D32200E900A0083873F /* Info.plist */,
			);
			path = P9_APIVoyageTests;
			sourceTree = "<group>";
		};
		71121D3A200E900A0083873F /* P9_APIVoyageUITests */ = {
			isa = PBXGroup;
			children = (
				71121D3B200E900A0083873F /* P9_APIVoyageUITests.swift */,
				71121D3D200E900A0083873F /* Info.plist */,
			);
			path = P9_APIVoyageUITests;
			sourceTree = "<group>";
		};
		71121D49200E91F80083873F /* TabBarController */ = {
			isa = PBXGroup;
			children = (
				71121D1F200E900A0083873F /* TabBar.storyboard */,
				71AFC36A2017C8FA0069D49A /* Controllers */,
			);
			path = TabBarController;
			sourceTree = "<group>";
		};
		71121D4A200E92020083873F /* ChangeRatePage */ = {
			isa = PBXGroup;
			children = (
				711C3F7C201348970046CBB0 /* ChangeRate.storyboard */,
				71AFC36B2017C9210069D49A /* Controllers */,
			);
			path = ChangeRatePage;
			sourceTree = "<group>";
		};
		71121D4B200E92310083873F /* TranslationPage */ = {
			isa = PBXGroup;
			children = (
				711C3F79201348870046CBB0 /* Translate.storyboard */,
				71AFC36C2017C92D0069D49A /* Controllers */,
			);
			path = TranslationPage;
			sourceTree = "<group>";
		};
		71121D4C200E92690083873F /* WeatherPage */ = {
			isa = PBXGroup;
			children = (
				711C3F77201348790046CBB0 /* Weather.storyboard */,
				71AFC36D2017C9350069D49A /* Controllers */,
			);
			path = WeatherPage;
			sourceTree = "<group>";
		};
		71121D4D200E92BD0083873F /* Ressource */ = {
			isa = PBXGroup;
			children = (
				71121D24200E900A0083873F /* LaunchScreen.storyboard */,
				71121D27200E900A0083873F /* Info.plist */,
				71121D22200E900A0083873F /* Assets.xcassets */,
			);
			path = Ressource;
			sourceTree = "<group>";
		};
		71AFC36A2017C8FA0069D49A /* Controllers */ = {
			isa = PBXGroup;
			children = (
				71121D1B200E900A0083873F /* TabBarController.swift */,
			);
			path = Controllers;
			sourceTree = "<group>";
		};
		71AFC36B2017C9210069D49A /* Controllers */ = {
			isa = PBXGroup;
			children = (
				71121D1D200E900A0083873F /* ChangeRateController.swift */,
			);
			path = Controllers;
			sourceTree = "<group>";
		};
		71AFC36C2017C92D0069D49A /* Controllers */ = {
			isa = PBXGroup;
			children = (
				71121D50200E932A0083873F /* TranslatationController.swift */,
			);
			path = Controllers;
			sourceTree = "<group>";
		};
		71AFC36D2017C9350069D49A /* Controllers */ = {
			isa = PBXGroup;
			children = (
				71121D56200E93E70083873F /* WeatherController.swift */,
			);
			path = Controllers;
			sourceTree = "<group>";
		};
		C438CE7A97052738524A919C /* Pods */ = {
			isa = PBXGroup;
			children = (
				FEA2E8CFCD2918817BB5924E /* Pods-P9_APIVoyage.debug.xcconfig */,
				23FE2E8DD1ACC925446BC70E /* Pods-P9_APIVoyage.release.xcconfig */,
				56D97118A8644EDA92FC3BE1 /* Pods-P9_APIVoyageTests.debug.xcconfig */,
				54A55C50F63502885A7FC96D /* Pods-P9_APIVoyageTests.release.xcconfig */,
				841B159D97A874F94F4186F7 /* Pods-P9_APIVoyageUITests.debug.xcconfig */,
				411DD8CF5C7AD5CF9640379C /* Pods-P9_APIVoyageUITests.release.xcconfig */,
			);
			name = Pods;
			sourceTree = "<group>";
		};
		E2369BEB56F82477C3B0802C /* Frameworks */ = {
			isa = PBXGroup;
			children = (
				5729FBC4499BE073C350A561 /* Pods_P9_APIVoyage.framework */,
				222A8665839809F2D715CD75 /* Pods_P9_APIVoyageTests.framework */,
				0CF0512596A30D5E3FE22C92 /* Pods_P9_APIVoyageUITests.framework */,
			);
			name = Frameworks;
			sourceTree = "<group>";
		};
/* End PBXGroup section */

/* Begin PBXNativeTarget section */
		71121D15200E900A0083873F /* P9_APIVoyage */ = {
			isa = PBXNativeTarget;
			buildConfigurationList = 71121D40200E900A0083873F /* Build configuration list for PBXNativeTarget "P9_APIVoyage" */;
			buildPhases = (
				92C60F4D01D4718604AA96A8 /* [CP] Check Pods Manifest.lock */,
				71121D12200E900A0083873F /* Sources */,
				71121D13200E900A0083873F /* Frameworks */,
				71121D14200E900A0083873F /* Resources */,
				B7BFCEDDFAD738704DF2C8EB /* [CP] Embed Pods Frameworks */,
				62F9D5C76F2A83F556753200 /* [CP] Copy Pods Resources */,
			);
			buildRules = (
			);
			dependencies = (
			);
			name = P9_APIVoyage;
			productName = P9_APIVoyage;
			productReference = 71121D16200E900A0083873F /* P9_APIVoyage.app */;
			productType = "com.apple.product-type.application";
		};
		71121D2B200E900A0083873F /* P9_APIVoyageTests */ = {
			isa = PBXNativeTarget;
			buildConfigurationList = 71121D43200E900A0083873F /* Build configuration list for PBXNativeTarget "P9_APIVoyageTests" */;
			buildPhases = (
				0F3CDD2869C2428F5AD9BA7B /* [CP] Check Pods Manifest.lock */,
				71121D28200E900A0083873F /* Sources */,
				71121D29200E900A0083873F /* Frameworks */,
				71121D2A200E900A0083873F /* Resources */,
				99DA25B7D78B6B267F8AD6DB /* [CP] Embed Pods Frameworks */,
				B4F48B49443C36914C504824 /* [CP] Copy Pods Resources */,
			);
			buildRules = (
			);
			dependencies = (
				71121D2E200E900A0083873F /* PBXTargetDependency */,
			);
			name = P9_APIVoyageTests;
			productName = P9_APIVoyageTests;
			productReference = 71121D2C200E900A0083873F /* P9_APIVoyageTests.xctest */;
			productType = "com.apple.product-type.bundle.unit-test";
		};
		71121D36200E900A0083873F /* P9_APIVoyageUITests */ = {
			isa = PBXNativeTarget;
			buildConfigurationList = 71121D46200E900A0083873F /* Build configuration list for PBXNativeTarget "P9_APIVoyageUITests" */;
			buildPhases = (
				D90EE16B2C3E02121DC0BA05 /* [CP] Check Pods Manifest.lock */,
				71121D33200E900A0083873F /* Sources */,
				71121D34200E900A0083873F /* Frameworks */,
				71121D35200E900A0083873F /* Resources */,
				B5F2C996C8EE1DFB321D9A4E /* [CP] Embed Pods Frameworks */,
				B2C497F9AE191518D5805869 /* [CP] Copy Pods Resources */,
			);
			buildRules = (
			);
			dependencies = (
				71121D39200E900A0083873F /* PBXTargetDependency */,
			);
			name = P9_APIVoyageUITests;
			productName = P9_APIVoyageUITests;
			productReference = 71121D37200E900A0083873F /* P9_APIVoyageUITests.xctest */;
			productType = "com.apple.product-type.bundle.ui-testing";
		};
/* End PBXNativeTarget section */

/* Begin PBXProject section */
		71121D0E200E900A0083873F /* Project object */ = {
			isa = PBXProject;
			attributes = {
				LastSwiftUpdateCheck = 0920;
				LastUpgradeCheck = 0920;
				ORGANIZATIONNAME = "Richeux Antoine";
				TargetAttributes = {
					71121D15200E900A0083873F = {
						CreatedOnToolsVersion = 9.2;
						ProvisioningStyle = Automatic;
					};
					71121D2B200E900A0083873F = {
						CreatedOnToolsVersion = 9.2;
						ProvisioningStyle = Automatic;
						TestTargetID = 71121D15200E900A0083873F;
					};
					71121D36200E900A0083873F = {
						CreatedOnToolsVersion = 9.2;
						ProvisioningStyle = Automatic;
						TestTargetID = 71121D15200E900A0083873F;
					};
				};
			};
			buildConfigurationList = 71121D11200E900A0083873F /* Build configuration list for PBXProject "P9_APIVoyage" */;
			compatibilityVersion = "Xcode 8.0";
			developmentRegion = en;
			hasScannedForEncodings = 0;
			knownRegions = (
				en,
				Base,
			);
			mainGroup = 71121D0D200E900A0083873F;
			productRefGroup = 71121D17200E900A0083873F /* Products */;
			projectDirPath = "";
			projectRoot = "";
			targets = (
				71121D15200E900A0083873F /* P9_APIVoyage */,
				71121D2B200E900A0083873F /* P9_APIVoyageTests */,
				71121D36200E900A0083873F /* P9_APIVoyageUITests */,
			);
		};
/* End PBXProject section */

/* Begin PBXResourcesBuildPhase section */
		71121D14200E900A0083873F /* Resources */ = {
			isa = PBXResourcesBuildPhase;
			buildActionMask = 2147483647;
			files = (
				71121D26200E900A0083873F /* LaunchScreen.storyboard in Resources */,
				711C3F78201348790046CBB0 /* Weather.storyboard in Resources */,
				71121D23200E900A0083873F /* Assets.xcassets in Resources */,
				711C3F7B201348870046CBB0 /* Translate.storyboard in Resources */,
				71121D59200E95F10083873F /* Default-568h@2x.png in Resources */,
				711C3F7D201348970046CBB0 /* ChangeRate.storyboard in Resources */,
				71121D21200E900A0083873F /* TabBar.storyboard in Resources */,
			);
			runOnlyForDeploymentPostprocessing = 0;
		};
		71121D2A200E900A0083873F /* Resources */ = {
			isa = PBXResourcesBuildPhase;
			buildActionMask = 2147483647;
			files = (
			);
			runOnlyForDeploymentPostprocessing = 0;
		};
		71121D35200E900A0083873F /* Resources */ = {
			isa = PBXResourcesBuildPhase;
			buildActionMask = 2147483647;
			files = (
			);
			runOnlyForDeploymentPostprocessing = 0;
		};
/* End PBXResourcesBuildPhase section */

/* Begin PBXShellScriptBuildPhase section */
		0F3CDD2869C2428F5AD9BA7B /* [CP] Check Pods Manifest.lock */ = {
			isa = PBXShellScriptBuildPhase;
			buildActionMask = 2147483647;
			files = (
			);
			inputPaths = (
				"${PODS_PODFILE_DIR_PATH}/Podfile.lock",
				"${PODS_ROOT}/Manifest.lock",
			);
			name = "[CP] Check Pods Manifest.lock";
			outputPaths = (
				"$(DERIVED_FILE_DIR)/Pods-P9_APIVoyageTests-checkManifestLockResult.txt",
			);
			runOnlyForDeploymentPostprocessing = 0;
			shellPath = /bin/sh;
			shellScript = "diff \"${PODS_PODFILE_DIR_PATH}/Podfile.lock\" \"${PODS_ROOT}/Manifest.lock\" > /dev/null\nif [ $? != 0 ] ; then\n    # print error to STDERR\n    echo \"error: The sandbox is not in sync with the Podfile.lock. Run 'pod install' or update your CocoaPods installation.\" >&2\n    exit 1\nfi\n# This output is used by Xcode 'outputs' to avoid re-running this script phase.\necho \"SUCCESS\" > \"${SCRIPT_OUTPUT_FILE_0}\"\n";
			showEnvVarsInLog = 0;
		};
		62F9D5C76F2A83F556753200 /* [CP] Copy Pods Resources */ = {
			isa = PBXShellScriptBuildPhase;
			buildActionMask = 2147483647;
			files = (
			);
			inputPaths = (
			);
			name = "[CP] Copy Pods Resources";
			outputPaths = (
			);
			runOnlyForDeploymentPostprocessing = 0;
			shellPath = /bin/sh;
			shellScript = "\"${SRCROOT}/Pods/Target Support Files/Pods-P9_APIVoyage/Pods-P9_APIVoyage-resources.sh\"\n";
			showEnvVarsInLog = 0;
		};
		92C60F4D01D4718604AA96A8 /* [CP] Check Pods Manifest.lock */ = {
			isa = PBXShellScriptBuildPhase;
			buildActionMask = 2147483647;
			files = (
			);
			inputPaths = (
				"${PODS_PODFILE_DIR_PATH}/Podfile.lock",
				"${PODS_ROOT}/Manifest.lock",
			);
			name = "[CP] Check Pods Manifest.lock";
			outputPaths = (
				"$(DERIVED_FILE_DIR)/Pods-P9_APIVoyage-checkManifestLockResult.txt",
			);
			runOnlyForDeploymentPostprocessing = 0;
			shellPath = /bin/sh;
			shellScript = "diff \"${PODS_PODFILE_DIR_PATH}/Podfile.lock\" \"${PODS_ROOT}/Manifest.lock\" > /dev/null\nif [ $? != 0 ] ; then\n    # print error to STDERR\n    echo \"error: The sandbox is not in sync with the Podfile.lock. Run 'pod install' or update your CocoaPods installation.\" >&2\n    exit 1\nfi\n# This output is used by Xcode 'outputs' to avoid re-running this script phase.\necho \"SUCCESS\" > \"${SCRIPT_OUTPUT_FILE_0}\"\n";
			showEnvVarsInLog = 0;
		};
		99DA25B7D78B6B267F8AD6DB /* [CP] Embed Pods Frameworks */ = {
			isa = PBXShellScriptBuildPhase;
			buildActionMask = 2147483647;
			files = (
			);
			inputPaths = (
			);
			name = "[CP] Embed Pods Frameworks";
			outputPaths = (
			);
			runOnlyForDeploymentPostprocessing = 0;
			shellPath = /bin/sh;
			shellScript = "\"${SRCROOT}/Pods/Target Support Files/Pods-P9_APIVoyageTests/Pods-P9_APIVoyageTests-frameworks.sh\"\n";
			showEnvVarsInLog = 0;
		};
		B2C497F9AE191518D5805869 /* [CP] Copy Pods Resources */ = {
			isa = PBXShellScriptBuildPhase;
			buildActionMask = 2147483647;
			files = (
			);
			inputPaths = (
			);
			name = "[CP] Copy Pods Resources";
			outputPaths = (
			);
			runOnlyForDeploymentPostprocessing = 0;
			shellPath = /bin/sh;
			shellScript = "\"${SRCROOT}/Pods/Target Support Files/Pods-P9_APIVoyageUITests/Pods-P9_APIVoyageUITests-resources.sh\"\n";
			showEnvVarsInLog = 0;
		};
		B4F48B49443C36914C504824 /* [CP] Copy Pods Resources */ = {
			isa = PBXShellScriptBuildPhase;
			buildActionMask = 2147483647;
			files = (
			);
			inputPaths = (
			);
			name = "[CP] Copy Pods Resources";
			outputPaths = (
			);
			runOnlyForDeploymentPostprocessing = 0;
			shellPath = /bin/sh;
			shellScript = "\"${SRCROOT}/Pods/Target Support Files/Pods-P9_APIVoyageTests/Pods-P9_APIVoyageTests-resources.sh\"\n";
			showEnvVarsInLog = 0;
		};
		B5F2C996C8EE1DFB321D9A4E /* [CP] Embed Pods Frameworks */ = {
			isa = PBXShellScriptBuildPhase;
			buildActionMask = 2147483647;
			files = (
			);
			inputPaths = (
			);
			name = "[CP] Embed Pods Frameworks";
			outputPaths = (
			);
			runOnlyForDeploymentPostprocessing = 0;
			shellPath = /bin/sh;
			shellScript = "\"${SRCROOT}/Pods/Target Support Files/Pods-P9_APIVoyageUITests/Pods-P9_APIVoyageUITests-frameworks.sh\"\n";
			showEnvVarsInLog = 0;
		};
		B7BFCEDDFAD738704DF2C8EB /* [CP] Embed Pods Frameworks */ = {
			isa = PBXShellScriptBuildPhase;
			buildActionMask = 2147483647;
			files = (
			);
			inputPaths = (
				"${SRCROOT}/Pods/Target Support Files/Pods-P9_APIVoyage/Pods-P9_APIVoyage-frameworks.sh",
				"${BUILT_PRODUCTS_DIR}/Alamofire/Alamofire.framework",
			);
			name = "[CP] Embed Pods Frameworks";
			outputPaths = (
				"${TARGET_BUILD_DIR}/${FRAMEWORKS_FOLDER_PATH}/Alamofire.framework",
			);
			runOnlyForDeploymentPostprocessing = 0;
			shellPath = /bin/sh;
			shellScript = "\"${SRCROOT}/Pods/Target Support Files/Pods-P9_APIVoyage/Pods-P9_APIVoyage-frameworks.sh\"\n";
			showEnvVarsInLog = 0;
		};
		D90EE16B2C3E02121DC0BA05 /* [CP] Check Pods Manifest.lock */ = {
			isa = PBXShellScriptBuildPhase;
			buildActionMask = 2147483647;
			files = (
			);
			inputPaths = (
				"${PODS_PODFILE_DIR_PATH}/Podfile.lock",
				"${PODS_ROOT}/Manifest.lock",
			);
			name = "[CP] Check Pods Manifest.lock";
			outputPaths = (
				"$(DERIVED_FILE_DIR)/Pods-P9_APIVoyageUITests-checkManifestLockResult.txt",
			);
			runOnlyForDeploymentPostprocessing = 0;
			shellPath = /bin/sh;
			shellScript = "diff \"${PODS_PODFILE_DIR_PATH}/Podfile.lock\" \"${PODS_ROOT}/Manifest.lock\" > /dev/null\nif [ $? != 0 ] ; then\n    # print error to STDERR\n    echo \"error: The sandbox is not in sync with the Podfile.lock. Run 'pod install' or update your CocoaPods installation.\" >&2\n    exit 1\nfi\n# This output is used by Xcode 'outputs' to avoid re-running this script phase.\necho \"SUCCESS\" > \"${SCRIPT_OUTPUT_FILE_0}\"\n";
			showEnvVarsInLog = 0;
		};
/* End PBXShellScriptBuildPhase section */

/* Begin PBXSourcesBuildPhase section */
		71121D12200E900A0083873F /* Sources */ = {
			isa = PBXSourcesBuildPhase;
			buildActionMask = 2147483647;
			files = (
				711C3F7320133D0E0046CBB0 /* APIManager.swift in Sources */,
				71121D1E200E900A0083873F /* ChangeRateController.swift in Sources */,
				71121D51200E932A0083873F /* TranslatationController.swift in Sources */,
				71121D57200E93E70083873F /* WeatherController.swift in Sources */,
				71121D1A200E900A0083873F /* AppDelegate.swift in Sources */,
				71121D1C200E900A0083873F /* TabBarController.swift in Sources */,
			);
			runOnlyForDeploymentPostprocessing = 0;
		};
		71121D28200E900A0083873F /* Sources */ = {
			isa = PBXSourcesBuildPhase;
			buildActionMask = 2147483647;
			files = (
				71121D31200E900A0083873F /* P9_APIVoyageTests.swift in Sources */,
			);
			runOnlyForDeploymentPostprocessing = 0;
		};
		71121D33200E900A0083873F /* Sources */ = {
			isa = PBXSourcesBuildPhase;
			buildActionMask = 2147483647;
			files = (
				71121D3C200E900A0083873F /* P9_APIVoyageUITests.swift in Sources */,
			);
			runOnlyForDeploymentPostprocessing = 0;
		};
/* End PBXSourcesBuildPhase section */

/* Begin PBXTargetDependency section */
		71121D2E200E900A0083873F /* PBXTargetDependency */ = {
			isa = PBXTargetDependency;
			target = 71121D15200E900A0083873F /* P9_APIVoyage */;
			targetProxy = 71121D2D200E900A0083873F /* PBXContainerItemProxy */;
		};
		71121D39200E900A0083873F /* PBXTargetDependency */ = {
			isa = PBXTargetDependency;
			target = 71121D15200E900A0083873F /* P9_APIVoyage */;
			targetProxy = 71121D38200E900A0083873F /* PBXContainerItemProxy */;
		};
/* End PBXTargetDependency section */

/* Begin PBXVariantGroup section */
		71121D1F200E900A0083873F /* TabBar.storyboard */ = {
			isa = PBXVariantGroup;
			children = (
				71121D20200E900A0083873F /* Base */,
			);
			name = TabBar.storyboard;
			sourceTree = "<group>";
		};
		71121D24200E900A0083873F /* LaunchScreen.storyboard */ = {
			isa = PBXVariantGroup;
			children = (
				71121D25200E900A0083873F /* Base */,
			);
			name = LaunchScreen.storyboard;
			sourceTree = "<group>";
		};
		711C3F79201348870046CBB0 /* Translate.storyboard */ = {
			isa = PBXVariantGroup;
			children = (
				711C3F7A201348870046CBB0 /* Base */,
			);
			name = Translate.storyboard;
			sourceTree = "<group>";
		};
/* End PBXVariantGroup section */

/* Begin XCBuildConfiguration section */
		71121D3E200E900A0083873F /* Debug */ = {
			isa = XCBuildConfiguration;
			buildSettings = {
				ALWAYS_SEARCH_USER_PATHS = NO;
				CLANG_ANALYZER_NONNULL = YES;
				CLANG_ANALYZER_NUMBER_OBJECT_CONVERSION = YES_AGGRESSIVE;
				CLANG_CXX_LANGUAGE_STANDARD = "gnu++14";
				CLANG_CXX_LIBRARY = "libc++";
				CLANG_ENABLE_MODULES = YES;
				CLANG_ENABLE_OBJC_ARC = YES;
				CLANG_WARN_BLOCK_CAPTURE_AUTORELEASING = YES;
				CLANG_WARN_BOOL_CONVERSION = YES;
				CLANG_WARN_COMMA = YES;
				CLANG_WARN_CONSTANT_CONVERSION = YES;
				CLANG_WARN_DIRECT_OBJC_ISA_USAGE = YES_ERROR;
				CLANG_WARN_DOCUMENTATION_COMMENTS = YES;
				CLANG_WARN_EMPTY_BODY = YES;
				CLANG_WARN_ENUM_CONVERSION = YES;
				CLANG_WARN_INFINITE_RECURSION = YES;
				CLANG_WARN_INT_CONVERSION = YES;
				CLANG_WARN_NON_LITERAL_NULL_CONVERSION = YES;
				CLANG_WARN_OBJC_LITERAL_CONVERSION = YES;
				CLANG_WARN_OBJC_ROOT_CLASS = YES_ERROR;
				CLANG_WARN_RANGE_LOOP_ANALYSIS = YES;
				CLANG_WARN_STRICT_PROTOTYPES = YES;
				CLANG_WARN_SUSPICIOUS_MOVE = YES;
				CLANG_WARN_UNGUARDED_AVAILABILITY = YES_AGGRESSIVE;
				CLANG_WARN_UNREACHABLE_CODE = YES;
				CLANG_WARN__DUPLICATE_METHOD_MATCH = YES;
				CODE_SIGN_IDENTITY = "iPhone Developer";
				COPY_PHASE_STRIP = NO;
				DEBUG_INFORMATION_FORMAT = dwarf;
				ENABLE_STRICT_OBJC_MSGSEND = YES;
				ENABLE_TESTABILITY = YES;
				GCC_C_LANGUAGE_STANDARD = gnu11;
				GCC_DYNAMIC_NO_PIC = NO;
				GCC_NO_COMMON_BLOCKS = YES;
				GCC_OPTIMIZATION_LEVEL = 0;
				GCC_PREPROCESSOR_DEFINITIONS = (
					"DEBUG=1",
					"$(inherited)",
				);
				GCC_WARN_64_TO_32_BIT_CONVERSION = YES;
				GCC_WARN_ABOUT_RETURN_TYPE = YES_ERROR;
				GCC_WARN_UNDECLARED_SELECTOR = YES;
				GCC_WARN_UNINITIALIZED_AUTOS = YES_AGGRESSIVE;
				GCC_WARN_UNUSED_FUNCTION = YES;
				GCC_WARN_UNUSED_VARIABLE = YES;
				IPHONEOS_DEPLOYMENT_TARGET = 11.2;
				MTL_ENABLE_DEBUG_INFO = YES;
				ONLY_ACTIVE_ARCH = YES;
				SDKROOT = iphoneos;
				SWIFT_ACTIVE_COMPILATION_CONDITIONS = DEBUG;
				SWIFT_OPTIMIZATION_LEVEL = "-Onone";
			};
			name = Debug;
		};
		71121D3F200E900A0083873F /* Release */ = {
			isa = XCBuildConfiguration;
			buildSettings = {
				ALWAYS_SEARCH_USER_PATHS = NO;
				CLANG_ANALYZER_NONNULL = YES;
				CLANG_ANALYZER_NUMBER_OBJECT_CONVERSION = YES_AGGRESSIVE;
				CLANG_CXX_LANGUAGE_STANDARD = "gnu++14";
				CLANG_CXX_LIBRARY = "libc++";
				CLANG_ENABLE_MODULES = YES;
				CLANG_ENABLE_OBJC_ARC = YES;
				CLANG_WARN_BLOCK_CAPTURE_AUTORELEASING = YES;
				CLANG_WARN_BOOL_CONVERSION = YES;
				CLANG_WARN_COMMA = YES;
				CLANG_WARN_CONSTANT_CONVERSION = YES;
				CLANG_WARN_DIRECT_OBJC_ISA_USAGE = YES_ERROR;
				CLANG_WARN_DOCUMENTATION_COMMENTS = YES;
				CLANG_WARN_EMPTY_BODY = YES;
				CLANG_WARN_ENUM_CONVERSION = YES;
				CLANG_WARN_INFINITE_RECURSION = YES;
				CLANG_WARN_INT_CONVERSION = YES;
				CLANG_WARN_NON_LITERAL_NULL_CONVERSION = YES;
				CLANG_WARN_OBJC_LITERAL_CONVERSION = YES;
				CLANG_WARN_OBJC_ROOT_CLASS = YES_ERROR;
				CLANG_WARN_RANGE_LOOP_ANALYSIS = YES;
				CLANG_WARN_STRICT_PROTOTYPES = YES;
				CLANG_WARN_SUSPICIOUS_MOVE = YES;
				CLANG_WARN_UNGUARDED_AVAILABILITY = YES_AGGRESSIVE;
				CLANG_WARN_UNREACHABLE_CODE = YES;
				CLANG_WARN__DUPLICATE_METHOD_MATCH = YES;
				CODE_SIGN_IDENTITY = "iPhone Developer";
				COPY_PHASE_STRIP = NO;
				DEBUG_INFORMATION_FORMAT = "dwarf-with-dsym";
				ENABLE_NS_ASSERTIONS = NO;
				ENABLE_STRICT_OBJC_MSGSEND = YES;
				GCC_C_LANGUAGE_STANDARD = gnu11;
				GCC_NO_COMMON_BLOCKS = YES;
				GCC_WARN_64_TO_32_BIT_CONVERSION = YES;
				GCC_WARN_ABOUT_RETURN_TYPE = YES_ERROR;
				GCC_WARN_UNDECLARED_SELECTOR = YES;
				GCC_WARN_UNINITIALIZED_AUTOS = YES_AGGRESSIVE;
				GCC_WARN_UNUSED_FUNCTION = YES;
				GCC_WARN_UNUSED_VARIABLE = YES;
				IPHONEOS_DEPLOYMENT_TARGET = 11.2;
				MTL_ENABLE_DEBUG_INFO = NO;
				SDKROOT = iphoneos;
				SWIFT_OPTIMIZATION_LEVEL = "-Owholemodule";
				VALIDATE_PRODUCT = YES;
			};
			name = Release;
		};
		71121D41200E900A0083873F /* Debug */ = {
			isa = XCBuildConfiguration;
			baseConfigurationReference = FEA2E8CFCD2918817BB5924E /* Pods-P9_APIVoyage.debug.xcconfig */;
			buildSettings = {
				ASSETCATALOG_COMPILER_APPICON_NAME = AppIcon;
				CODE_SIGN_STYLE = Automatic;
				DEVELOPMENT_TEAM = Q6R42C3K2F;
				INFOPLIST_FILE = "$(SRCROOT)/P9_APIVoyage/Ressource/Info.plist";
				LD_RUNPATH_SEARCH_PATHS = "$(inherited) @executable_path/Frameworks";
				PRODUCT_BUNDLE_IDENTIFIER = "com.aricheux.P9-APIVoyage";
				PRODUCT_NAME = "$(TARGET_NAME)";
				SWIFT_VERSION = 4.0;
				TARGETED_DEVICE_FAMILY = "1,2";
			};
			name = Debug;
		};
		71121D42200E900A0083873F /* Release */ = {
			isa = XCBuildConfiguration;
			baseConfigurationReference = 23FE2E8DD1ACC925446BC70E /* Pods-P9_APIVoyage.release.xcconfig */;
			buildSettings = {
				ASSETCATALOG_COMPILER_APPICON_NAME = AppIcon;
				CODE_SIGN_STYLE = Automatic;
				DEVELOPMENT_TEAM = Q6R42C3K2F;
				INFOPLIST_FILE = "$(SRCROOT)/P9_APIVoyage/Ressource/Info.plist";
				LD_RUNPATH_SEARCH_PATHS = "$(inherited) @executable_path/Frameworks";
				PRODUCT_BUNDLE_IDENTIFIER = "com.aricheux.P9-APIVoyage";
				PRODUCT_NAME = "$(TARGET_NAME)";
				SWIFT_VERSION = 4.0;
				TARGETED_DEVICE_FAMILY = "1,2";
			};
			name = Release;
		};
		71121D44200E900A0083873F /* Debug */ = {
			isa = XCBuildConfiguration;
			baseConfigurationReference = 56D97118A8644EDA92FC3BE1 /* Pods-P9_APIVoyageTests.debug.xcconfig */;
			buildSettings = {
				ALWAYS_EMBED_SWIFT_STANDARD_LIBRARIES = YES;
				BUNDLE_LOADER = "$(TEST_HOST)";
				CODE_SIGN_STYLE = Automatic;
				DEVELOPMENT_TEAM = Q6R42C3K2F;
				INFOPLIST_FILE = P9_APIVoyageTests/Info.plist;
				LD_RUNPATH_SEARCH_PATHS = "$(inherited) @executable_path/Frameworks @loader_path/Frameworks";
				PRODUCT_BUNDLE_IDENTIFIER = "com.aricheux.P9-APIVoyageTests";
				PRODUCT_NAME = "$(TARGET_NAME)";
				SWIFT_VERSION = 4.0;
				TARGETED_DEVICE_FAMILY = "1,2";
				TEST_HOST = "$(BUILT_PRODUCTS_DIR)/P9_APIVoyage.app/P9_APIVoyage";
			};
			name = Debug;
		};
		71121D45200E900A0083873F /* Release */ = {
			isa = XCBuildConfiguration;
			baseConfigurationReference = 54A55C50F63502885A7FC96D /* Pods-P9_APIVoyageTests.release.xcconfig */;
			buildSettings = {
				ALWAYS_EMBED_SWIFT_STANDARD_LIBRARIES = YES;
				BUNDLE_LOADER = "$(TEST_HOST)";
				CODE_SIGN_STYLE = Automatic;
				DEVELOPMENT_TEAM = Q6R42C3K2F;
				INFOPLIST_FILE = P9_APIVoyageTests/Info.plist;
				LD_RUNPATH_SEARCH_PATHS = "$(inherited) @executable_path/Frameworks @loader_path/Frameworks";
				PRODUCT_BUNDLE_IDENTIFIER = "com.aricheux.P9-APIVoyageTests";
				PRODUCT_NAME = "$(TARGET_NAME)";
				SWIFT_VERSION = 4.0;
				TARGETED_DEVICE_FAMILY = "1,2";
				TEST_HOST = "$(BUILT_PRODUCTS_DIR)/P9_APIVoyage.app/P9_APIVoyage";
			};
			name = Release;
		};
		71121D47200E900A0083873F /* Debug */ = {
			isa = XCBuildConfiguration;
			baseConfigurationReference = 841B159D97A874F94F4186F7 /* Pods-P9_APIVoyageUITests.debug.xcconfig */;
			buildSettings = {
				ALWAYS_EMBED_SWIFT_STANDARD_LIBRARIES = YES;
				CODE_SIGN_STYLE = Automatic;
				DEVELOPMENT_TEAM = Q6R42C3K2F;
				INFOPLIST_FILE = P9_APIVoyageUITests/Info.plist;
				LD_RUNPATH_SEARCH_PATHS = "$(inherited) @executable_path/Frameworks @loader_path/Frameworks";
				PRODUCT_BUNDLE_IDENTIFIER = "com.aricheux.P9-APIVoyageUITests";
				PRODUCT_NAME = "$(TARGET_NAME)";
				SWIFT_VERSION = 4.0;
				TARGETED_DEVICE_FAMILY = "1,2";
				TEST_TARGET_NAME = P9_APIVoyage;
			};
			name = Debug;
		};
		71121D48200E900A0083873F /* Release */ = {
			isa = XCBuildConfiguration;
			baseConfigurationReference = 411DD8CF5C7AD5CF9640379C /* Pods-P9_APIVoyageUITests.release.xcconfig */;
			buildSettings = {
				ALWAYS_EMBED_SWIFT_STANDARD_LIBRARIES = YES;
				CODE_SIGN_STYLE = Automatic;
				DEVELOPMENT_TEAM = Q6R42C3K2F;
				INFOPLIST_FILE = P9_APIVoyageUITests/Info.plist;
				LD_RUNPATH_SEARCH_PATHS = "$(inherited) @executable_path/Frameworks @loader_path/Frameworks";
				PRODUCT_BUNDLE_IDENTIFIER = "com.aricheux.P9-APIVoyageUITests";
				PRODUCT_NAME = "$(TARGET_NAME)";
				SWIFT_VERSION = 4.0;
				TARGETED_DEVICE_FAMILY = "1,2";
				TEST_TARGET_NAME = P9_APIVoyage;
			};
			name = Release;
		};
/* End XCBuildConfiguration section */

/* Begin XCConfigurationList section */
		71121D11200E900A0083873F /* Build configuration list for PBXProject "P9_APIVoyage" */ = {
			isa = XCConfigurationList;
			buildConfigurations = (
				71121D3E200E900A0083873F /* Debug */,
				71121D3F200E900A0083873F /* Release */,
			);
			defaultConfigurationIsVisible = 0;
			defaultConfigurationName = Release;
		};
		71121D40200E900A0083873F /* Build configuration list for PBXNativeTarget "P9_APIVoyage" */ = {
			isa = XCConfigurationList;
			buildConfigurations = (
				71121D41200E900A0083873F /* Debug */,
				71121D42200E900A0083873F /* Release */,
			);
			defaultConfigurationIsVisible = 0;
			defaultConfigurationName = Release;
		};
		71121D43200E900A0083873F /* Build configuration list for PBXNativeTarget "P9_APIVoyageTests" */ = {
			isa = XCConfigurationList;
			buildConfigurations = (
				71121D44200E900A0083873F /* Debug */,
				71121D45200E900A0083873F /* Release */,
			);
			defaultConfigurationIsVisible = 0;
			defaultConfigurationName = Release;
		};
		71121D46200E900A0083873F /* Build configuration list for PBXNativeTarget "P9_APIVoyageUITests" */ = {
			isa = XCConfigurationList;
			buildConfigurations = (
				71121D47200E900A0083873F /* Debug */,
				71121D48200E900A0083873F /* Release */,
			);
			defaultConfigurationIsVisible = 0;
			defaultConfigurationName = Release;
		};
/* End XCConfigurationList section */
	};
	rootObject = 71121D0E200E900A0083873F /* Project object */;
}
